Microsoft Visual Studio Solution File, Format Version 12.00
# Visual Studio Version 17
VisualStudioVersion = 17.5.2.0
MinimumVisualStudioVersion = 10.0.40219.1
Project("{FAE04EC0-301F-11D3-BF4B-00C04F79EFBC}") = "CrossAudio.WavSharp", "CrossAudio.WavSharp\CrossAudio.WavSharp.csproj", "{c01c7ba3-b7cf-4392-bebc-6f0bf70e025e}"
EndProject
Project("{FAE04EC0-301F-11D3-BF4B-00C04F79EFBC}") = "CrossAudio.WavSharp.Tests", "CrossAudio.WavSharp.Tests\CrossAudio.WavSharp.Tests.csproj", "{8f21d00b-bc78-4eea-a784-b17ea4c6e819}"
EndProject
Global
	GlobalSection(SolutionConfigurationPlatforms) = preSolution
		Debug|Any CPU = Debug|Any CPU
		Release|Any CPU = Release|Any CPU
	EndGlobalSection
	GlobalSection(ProjectConfigurationPlatforms) = postSolution
		{c01c7ba3-b7cf-4392-bebc-6f0bf70e025e}.Debug|Any CPU.ActiveCfg = Debug|Any CPU
		{c01c7ba3-b7cf-4392-bebc-6f0bf70e025e}.Debug|Any CPU.Build.0 = Debug|Any CPU
		{c01c7ba3-b7cf-4392-bebc-6f0bf70e025e}.Release|Any CPU.ActiveCfg = Release|Any CPU
		{c01c7ba3-b7cf-4392-bebc-6f0bf70e025e}.Release|Any CPU.Build.0 = Release|Any CPU
		{8f21d00b-bc78-4eea-a784-b17ea4c6e819}.Debug|Any CPU.ActiveCfg = Debug|Any CPU
		{8f21d00b-bc78-4eea-a784-b17ea4c6e819}.Debug|Any CPU.Build.0 = Debug|Any CPU
		{8f21d00b-bc78-4eea-a784-b17ea4c6e819}.Release|Any CPU.ActiveCfg = Release|Any CPU
		{8f21d00b-bc78-4eea-a784-b17ea4c6e819}.Release|Any CPU.Build.0 = Release|Any CPU
	EndGlobalSection
	GlobalSection(SolutionProperties) = preSolution
		HideSolutionNode = FALSE
	EndGlobalSection
	GlobalSection(ExtensibilityGlobals) = postSolution
		SolutionGuid = {9060ca3e-ecbb-4e47-922f-7db86434b164}
	EndGlobalSection
EndGlobal
